
Microsoft Visual Studio Solution File, Format Version 12.00
# Visual Studio Version 17
VisualStudioVersion = 17.8.34316.72
MinimumVisualStudioVersion = 10.0.40219.1
Project("{FAE04EC0-301F-11D3-BF4B-00C04F79EFBC}") = "LAB431", "LAB431.csproj", "{45260C55-6F23-4AA8-B67B-999A9628E962}"
EndProject
Global
	GlobalSection(SolutionConfigurationPlatforms) = preSolution
		Debug|Any CPU = Debug|Any CPU
		Release|Any CPU = Release|Any CPU
	EndGlobalSection
	GlobalSection(ProjectConfigurationPlatforms) = postSolution
		{45260C55-6F23-4AA8-B67B-999A9628E962}.Debug|Any CPU.ActiveCfg = Debug|Any CPU
		{45260C55-6F23-4AA8-B67B-999A9628E962}.Debug|Any CPU.Build.0 = Debug|Any CPU
		{45260C55-6F23-4AA8-B67B-999A9628E962}.Release|Any CPU.ActiveCfg = Release|Any CPU
		{45260C55-6F23-4AA8-B67B-999A9628E962}.Release|Any CPU.Build.0 = Release|Any CPU
	EndGlobalSection
	GlobalSection(SolutionProperties) = preSolution
		HideSolutionNode = FALSE
	EndGlobalSection
	GlobalSection(ExtensibilityGlobals) = postSolution
		SolutionGuid = {02C335CB-3D1B-43EA-99B1-6A6E8F7A211B}
	EndGlobalSection
EndGlobal
